
Microsoft Visual Studio Solution File, Format Version 12.00
# Visual Studio Version 16
VisualStudioVersion = 16.0.29230.47
MinimumVisualStudioVersion = 10.0.40219.1
Project("{FAE04EC0-301F-11D3-BF4B-00C04F79EFBC}") = "PizzaShopFinal", "PizzaShopFinal\PizzaShopFinal.csproj", "{DB8C92F4-7988-404F-B972-3514D23FFC3C}"
EndProject
Project("{2150E333-8FDC-42A3-9474-1A3956D46DE8}") = "Solution Items", "Solution Items", "{EDEC6C85-A654-4453-83E3-92D41D6B731E}"
	ProjectSection(SolutionItems) = preProject
		.editorconfig = .editorconfig
	EndProjectSection
EndProject
Global
	GlobalSection(SolutionConfigurationPlatforms) = preSolution
		Debug|Any CPU = Debug|Any CPU
		Release|Any CPU = Release|Any CPU
	EndGlobalSection
	GlobalSection(ProjectConfigurationPlatforms) = postSolution
		{DB8C92F4-7988-404F-B972-3514D23FFC3C}.Debug|Any CPU.ActiveCfg = Debug|Any CPU
		{DB8C92F4-7988-404F-B972-3514D23FFC3C}.Debug|Any CPU.Build.0 = Debug|Any CPU
		{DB8C92F4-7988-404F-B972-3514D23FFC3C}.Release|Any CPU.ActiveCfg = Release|Any CPU
		{DB8C92F4-7988-404F-B972-3514D23FFC3C}.Release|Any CPU.Build.0 = Release|Any CPU
	EndGlobalSection
	GlobalSection(SolutionProperties) = preSolution
		HideSolutionNode = FALSE
	EndGlobalSection
	GlobalSection(ExtensibilityGlobals) = postSolution
		SolutionGuid = {5CD60D68-C4ED-4BAD-8228-027532BF9165}
	EndGlobalSection
EndGlobal
